
Microsoft Visual Studio Solution File, Format Version 12.00
# Visual Studio Version 17
VisualStudioVersion = 17.2.32616.157
MinimumVisualStudioVersion = 10.0.40219.1
Project("{9A19103F-16F7-4668-BE54-9A1E7A4F7556}") = "Refactoring.FirstExampleTests", "Refactoring.FirstExampleTests\Refactoring.FirstExampleTests.csproj", "{792DF19C-58D4-4191-A972-3DD1378360CA}"
EndProject
Project("{FAE04EC0-301F-11D3-BF4B-00C04F79EFBC}") = "Refactoring.FirstExampleDemoTests", "Refactoring.FirstExampleDemoTests\Refactoring.FirstExampleDemoTests.csproj", "{6122CED2-FC7A-4776-9EB6-85200080CFF0}"
EndProject
Global
	GlobalSection(SolutionConfigurationPlatforms) = preSolution
		Debug|Any CPU = Debug|Any CPU
		Release|Any CPU = Release|Any CPU
	EndGlobalSection
	GlobalSection(ProjectConfigurationPlatforms) = postSolution
		{792DF19C-58D4-4191-A972-3DD1378360CA}.Debug|Any CPU.ActiveCfg = Debug|Any CPU
		{792DF19C-58D4-4191-A972-3DD1378360CA}.Debug|Any CPU.Build.0 = Debug|Any CPU
		{792DF19C-58D4-4191-A972-3DD1378360CA}.Release|Any CPU.ActiveCfg = Release|Any CPU
		{792DF19C-58D4-4191-A972-3DD1378360CA}.Release|Any CPU.Build.0 = Release|Any CPU
		{6122CED2-FC7A-4776-9EB6-85200080CFF0}.Debug|Any CPU.ActiveCfg = Debug|Any CPU
		{6122CED2-FC7A-4776-9EB6-85200080CFF0}.Debug|Any CPU.Build.0 = Debug|Any CPU
		{6122CED2-FC7A-4776-9EB6-85200080CFF0}.Release|Any CPU.ActiveCfg = Release|Any CPU
		{6122CED2-FC7A-4776-9EB6-85200080CFF0}.Release|Any CPU.Build.0 = Release|Any CPU
	EndGlobalSection
	GlobalSection(SolutionProperties) = preSolution
		HideSolutionNode = FALSE
	EndGlobalSection
	GlobalSection(ExtensibilityGlobals) = postSolution
		SolutionGuid = {B353B54E-7E59-4F33-8D6C-1EB30223B4A0}
	EndGlobalSection
EndGlobal
